
Microsoft Visual Studio Solution File, Format Version 12.00
# Visual Studio Version 17
VisualStudioVersion = 17.5.33530.505
MinimumVisualStudioVersion = 10.0.40219.1
Project("{FAE04EC0-301F-11D3-BF4B-00C04F79EFBC}") = "Atividade6StringArquivos", "Atividade6StringArquivos\Atividade6StringArquivos.csproj", "{50BEA365-661B-46F3-B2FB-EFDBE1CD863E}"
EndProject
Global
	GlobalSection(SolutionConfigurationPlatforms) = preSolution
		Debug|Any CPU = Debug|Any CPU
		Release|Any CPU = Release|Any CPU
	EndGlobalSection
	GlobalSection(ProjectConfigurationPlatforms) = postSolution
		{50BEA365-661B-46F3-B2FB-EFDBE1CD863E}.Debug|Any CPU.ActiveCfg = Debug|Any CPU
		{50BEA365-661B-46F3-B2FB-EFDBE1CD863E}.Debug|Any CPU.Build.0 = Debug|Any CPU
		{50BEA365-661B-46F3-B2FB-EFDBE1CD863E}.Release|Any CPU.ActiveCfg = Release|Any CPU
		{50BEA365-661B-46F3-B2FB-EFDBE1CD863E}.Release|Any CPU.Build.0 = Release|Any CPU
	EndGlobalSection
	GlobalSection(SolutionProperties) = preSolution
		HideSolutionNode = FALSE
	EndGlobalSection
	GlobalSection(ExtensibilityGlobals) = postSolution
		SolutionGuid = {6993C586-2050-498D-9818-322AB7A1B8A3}
	EndGlobalSection
EndGlobal
